
Microsoft Visual Studio Solution File, Format Version 12.00
# Visual Studio Version 16
VisualStudioVersion = 16.0.31105.61
MinimumVisualStudioVersion = 10.0.40219.1
Project("{9A19103F-16F7-4668-BE54-9A1E7A4F7556}") = "PlanetOfApes.TestHarness", "PlanetOfApes.TestHarness\PlanetOfApes.TestHarness.csproj", "{1C70F391-6C8A-444B-AC3C-5012D524824A}"
EndProject
Project("{9A19103F-16F7-4668-BE54-9A1E7A4F7556}") = "PlanetOfApes", "PlanetOfApes\PlanetOfApes.csproj", "{BE98D7A3-4663-4A05-8521-70A0C174D9F0}"
EndProject
Global
	GlobalSection(SolutionConfigurationPlatforms) = preSolution
		Debug|Any CPU = Debug|Any CPU
		Release|Any CPU = Release|Any CPU
	EndGlobalSection
	GlobalSection(ProjectConfigurationPlatforms) = postSolution
		{1C70F391-6C8A-444B-AC3C-5012D524824A}.Debug|Any CPU.ActiveCfg = Debug|Any CPU
		{1C70F391-6C8A-444B-AC3C-5012D524824A}.Debug|Any CPU.Build.0 = Debug|Any CPU
		{1C70F391-6C8A-444B-AC3C-5012D524824A}.Release|Any CPU.ActiveCfg = Release|Any CPU
		{1C70F391-6C8A-444B-AC3C-5012D524824A}.Release|Any CPU.Build.0 = Release|Any CPU
		{BE98D7A3-4663-4A05-8521-70A0C174D9F0}.Debug|Any CPU.ActiveCfg = Debug|Any CPU
		{BE98D7A3-4663-4A05-8521-70A0C174D9F0}.Debug|Any CPU.Build.0 = Debug|Any CPU
		{BE98D7A3-4663-4A05-8521-70A0C174D9F0}.Release|Any CPU.ActiveCfg = Release|Any CPU
		{BE98D7A3-4663-4A05-8521-70A0C174D9F0}.Release|Any CPU.Build.0 = Release|Any CPU
	EndGlobalSection
	GlobalSection(SolutionProperties) = preSolution
		HideSolutionNode = FALSE
	EndGlobalSection
	GlobalSection(ExtensibilityGlobals) = postSolution
		SolutionGuid = {B626C3A0-00A2-4FE8-8E7B-1E5C867AFCD8}
	EndGlobalSection
EndGlobal
